
Microsoft Visual Studio Solution File, Format Version 12.00
# Visual Studio Version 16
VisualStudioVersion = 16.0.30011.22
MinimumVisualStudioVersion = 10.0.40219.1
Project("{FAE04EC0-301F-11D3-BF4B-00C04F79EFBC}") = "SeiyuuDB.Core", "SeiyuuDB.Core\SeiyuuDB.Core.csproj", "{18DF80A4-7F60-44C6-9079-BB552B7EAB49}"
EndProject
Project("{FAE04EC0-301F-11D3-BF4B-00C04F79EFBC}") = "SeiyuuDB.Wpf", "SeiyuuDB.Wpf\SeiyuuDB.Wpf.csproj", "{7262D3CA-F2B8-47DE-8B38-9528BE80E09F}"
EndProject
Global
	GlobalSection(SolutionConfigurationPlatforms) = preSolution
		Debug|Any CPU = Debug|Any CPU
		Release|Any CPU = Release|Any CPU
	EndGlobalSection
	GlobalSection(ProjectConfigurationPlatforms) = postSolution
		{18DF80A4-7F60-44C6-9079-BB552B7EAB49}.Debug|Any CPU.ActiveCfg = Debug|Any CPU
		{18DF80A4-7F60-44C6-9079-BB552B7EAB49}.Debug|Any CPU.Build.0 = Debug|Any CPU
		{18DF80A4-7F60-44C6-9079-BB552B7EAB49}.Release|Any CPU.ActiveCfg = Release|Any CPU
		{18DF80A4-7F60-44C6-9079-BB552B7EAB49}.Release|Any CPU.Build.0 = Release|Any CPU
		{7262D3CA-F2B8-47DE-8B38-9528BE80E09F}.Debug|Any CPU.ActiveCfg = Debug|Any CPU
		{7262D3CA-F2B8-47DE-8B38-9528BE80E09F}.Debug|Any CPU.Build.0 = Debug|Any CPU
		{7262D3CA-F2B8-47DE-8B38-9528BE80E09F}.Release|Any CPU.ActiveCfg = Release|Any CPU
		{7262D3CA-F2B8-47DE-8B38-9528BE80E09F}.Release|Any CPU.Build.0 = Release|Any CPU
	EndGlobalSection
	GlobalSection(SolutionProperties) = preSolution
		HideSolutionNode = FALSE
	EndGlobalSection
	GlobalSection(ExtensibilityGlobals) = postSolution
		SolutionGuid = {4E2CCE4C-BAD0-43BE-A174-CE0E09A0B16A}
	EndGlobalSection
EndGlobal
